{
  "name": "mediaCreatedRemover",
  "lockfileVersion": 2,
  "requires": true,
  "packages": {
    "": {
      "dependencies": {
        "mrconfig.js": "^1.0.0"
      }
    },
    "node_modules/mrconfig.js": {
      "version": "1.0.0",
      "resolved": "https://registry.npmjs.org/mrconfig.js/-/mrconfig.js-1.0.0.tgz",
      "integrity": "sha512-sJTbfakN39E6eklTkNI1S2+NGYxdcExTaBEVDNN00d1NegTFULDaFVSyV1V36d1OthE0YmhO8So2Mxzth//FZQ=="
    }
  },
  "dependencies": {
    "mrconfig.js": {
      "version": "1.0.0",
      "resolved": "https://registry.npmjs.org/mrconfig.js/-/mrconfig.js-1.0.0.tgz",
      "integrity": "sha512-sJTbfakN39E6eklTkNI1S2+NGYxdcExTaBEVDNN00d1NegTFULDaFVSyV1V36d1OthE0YmhO8So2Mxzth//FZQ=="
    }
  }
}
